
Microsoft Visual Studio Solution File, Format Version 12.00
# Visual Studio 15
Project("{FAE04EC0-301F-11D3-BF4B-00C04F79EFBC}") = "TravelAgency", "TravelAgency\TravelAgency.csproj", "{F12F0834-5955-41F9-806C-694F61FB41B6}"
EndProject
Global
	GlobalSection(SolutionConfigurationPlatforms) = preSolution
		Debug|anycpu = Debug|anycpu
		Release|anycpu = Release|anycpu
	EndGlobalSection
	GlobalSection(ProjectConfigurationPlatforms) = postSolution
		{F12F0834-5955-41F9-806C-694F61FB41B6}.Debug|anycpu.ActiveCfg = Debug|anycpu
		{F12F0834-5955-41F9-806C-694F61FB41B6}.Debug|anycpu.Build.0 = Debug|anycpu
		{F12F0834-5955-41F9-806C-694F61FB41B6}.Release|anycpu.ActiveCfg = Release|anycpu
		{F12F0834-5955-41F9-806C-694F61FB41B6}.Release|anycpu.Build.0 = Release|anycpu
	EndGlobalSection
EndGlobal
